{
  "name": "@o7studios/octopus-sdk",
  "version": "0.0.1",
  "lockfileVersion": 3,
  "requires": true,
  "packages": {
    "": {
      "name": "@o7studios/octopus-sdk",
      "version": "0.0.1",
      "license": "GPL-3.0",
      "dependencies": {
        "@bufbuild/protobuf": "^2.10.1"
      },
      "peerDependencies": {
        "@connectrpc/connect": "^2.0.0"
      }
    },
    "node_modules/@bufbuild/protobuf": {
      "version": "2.10.1",
      "resolved": "https://registry.npmjs.org/@bufbuild/protobuf/-/protobuf-2.10.1.tgz",
      "integrity": "sha512-ckS3+vyJb5qGpEYv/s1OebUHDi/xSNtfgw1wqKZo7MR9F2z+qXr0q5XagafAG/9O0QPVIUfST0smluYSTpYFkg==",
      "license": "(Apache-2.0 AND BSD-3-Clause)"
    },
    "node_modules/@connectrpc/connect": {
      "version": "2.1.0",
      "resolved": "https://registry.npmjs.org/@connectrpc/connect/-/connect-2.1.0.tgz",
      "integrity": "sha512-xhiwnYlJNHzmFsRw+iSPIwXR/xweTvTw8x5HiwWp10sbVtd4OpOXbRgE7V58xs1EC17fzusF1f5uOAy24OkBuA==",
      "license": "Apache-2.0",
      "peer": true,
      "peerDependencies": {
        "@bufbuild/protobuf": "^2.7.0"
      }
    }
  }
}
