{
  "name": "@o7studios/octopus-sdk",
  "version": "0.0.1",
  "lockfileVersion": 3,
  "requires": true,
  "packages": {
    "": {
      "name": "@o7studios/octopus-sdk",
      "version": "0.0.1",
      "license": "GPL-3.0",
      "dependencies": {
        "@bufbuild/protobuf": "^2.10.0",
        "@grpc/grpc-js": "^1.14.1",
        "google-protobuf": "^4.0.0"
      }
    },
    "node_modules/@bufbuild/protobuf": {
      "version": "2.10.0",
      "resolved": "https://registry.npmjs.org/@bufbuild/protobuf/-/protobuf-2.10.0.tgz",
      "integrity": "sha512-fdRs9PSrBF7QUntpZpq6BTw58fhgGJojgg39m9oFOJGZT+nip9b0so5cYY1oWl5pvemDLr0cPPsH46vwThEbpQ==",
      "license": "(Apache-2.0 AND BSD-3-Clause)"
    },
    "node_modules/google-protobuf": {
      "version": "4.0.0",
      "resolved": "https://registry.npmjs.org/google-protobuf/-/google-protobuf-4.0.0.tgz",
      "integrity": "sha512-b8wmenhUMf2WNL+xIJ/slvD/hEE6V3nRnG86O2bzkBrMweM9gnqZE1dfXlDjibY3aXJXDNbAHepevYyQ7qWKsQ==",
      "license": "(BSD-3-Clause AND Apache-2.0)"
    },
    "node_modules/@grpc/grpc-js": {
      "version": "1.14.1",
      "resolved": "https://registry.npmjs.org/@grpc/grpc-js/-/grpc-js-1.14.1.tgz",
      "integrity": "sha512-sPxgEWtPUR3EnRJCEtbGZG2iX8LQDUls2wUS3o27jg07KqJFMq6YDeWvMo1wfpmy3rqRdS0rivpLwhqQtEyCuQ==",
      "license": "Apache-2.0",
      "dependencies": {
        "@grpc/proto-loader": "^0.8.0",
        "@js-sdsl/ordered-map": "^4.4.2"
      },
      "engines": {
        "node": ">=12.10.0"
      }
    }
  }
}
