{
  "name": "@o7studios/octopus-sdk",
  "version": "0.0.1",
  "lockfileVersion": 3,
  "requires": true,
  "packages": {
    "": {
      "name": "@o7studios/octopus-sdk",
      "version": "0.0.1",
      "license": "GPL-3.0",
      "dependencies": {
        "@bufbuild/protobuf": "^2.10.2"
      }
    },
    "node_modules/@bufbuild/protobuf": {
      "version": "2.10.2",
      "resolved": "https://registry.npmjs.org/@bufbuild/protobuf/-/protobuf-2.10.2.tgz",
      "integrity": "sha512-uFsRXwIGyu+r6AMdz+XijIIZJYpoWeYzILt5yZ2d3mCjQrWUTVpVD9WL/jZAbvp+Ed04rOhrsk7FiTcEDseB5A==",
      "license": "(Apache-2.0 AND BSD-3-Clause)"
    }
  }
}
