{
  "name": "@o7studios/octopus-sdk",
  "version": "0.0.1",
  "lockfileVersion": 3,
  "requires": true,
  "packages": {
    "": {
      "name": "@o7studios/octopus-sdk",
      "version": "0.0.1",
      "license": "GPL-3.0",
      "devDependencies": {
        "@bufbuild/protobuf": "^2.10.2"
      },
      "peerDependencies": {
        "@bufbuild/protobuf": "^2.10.0"
      }
    },
    "node_modules/@bufbuild/protobuf": {
      "version": "2.12.0",
      "resolved": "https://registry.npmjs.org/@bufbuild/protobuf/-/protobuf-2.12.0.tgz",
      "integrity": "sha512-B/XlCaFIP8LOwzo+bz5uFzATYokcwCKQcghqnlfwSmM5eX/qTkvDBnDPs+gXtX/RyjxJ4DRikECcPJbyALA8FA==",
      "dev": true,
      "license": "(Apache-2.0 AND BSD-3-Clause)"
    }
  }
}
